
Microsoft Visual Studio Solution File, Format Version 11.00
# Visual Studio 2010
Project("{FAE04EC0-301F-11D3-BF4B-00C04F79EFBC}") = "Assembly-CSharp", "Assembly-CSharp.csproj", "{bb530315-51ab-6b92-ce59-98c0d449b803}"
EndProject
Project("{FAE04EC0-301F-11D3-BF4B-00C04F79EFBC}") = "CFXREditor", "CFXREditor.csproj", "{1b2073fe-a72b-e835-ac59-4172d91532ff}"
EndProject
Project("{FAE04EC0-301F-11D3-BF4B-00C04F79EFBC}") = "ToonyColorsPro.Editor", "ToonyColorsPro.Editor.csproj", "{ed94aac5-fa9d-2b5c-468f-aa005867ab5a}"
EndProject
Project("{FAE04EC0-301F-11D3-BF4B-00C04F79EFBC}") = "CFXRRuntime", "CFXRRuntime.csproj", "{0a660e87-e1da-3b30-54ce-88f1c9acfb1e}"
EndProject
Project("{FAE04EC0-301F-11D3-BF4B-00C04F79EFBC}") = "Assembly-CSharp-Editor-firstpass", "Assembly-CSharp-Editor-firstpass.csproj", "{e877b4f3-e2e1-a722-f692-e1830e19dd29}"
EndProject
Project("{FAE04EC0-301F-11D3-BF4B-00C04F79EFBC}") = "ToonyColorsPro2.Demo", "ToonyColorsPro2.Demo.csproj", "{f482651b-62b7-e001-25eb-50ceb7a49313}"
EndProject
Project("{FAE04EC0-301F-11D3-BF4B-00C04F79EFBC}") = "ToonyColorsPro.Runtime", "ToonyColorsPro.Runtime.csproj", "{9574d425-d848-107c-d8d1-0ed237e57056}"
EndProject
Project("{FAE04EC0-301F-11D3-BF4B-00C04F79EFBC}") = "Assembly-CSharp-firstpass", "Assembly-CSharp-firstpass.csproj", "{c0616083-f2f4-8240-6154-59638b7c2903}"
EndProject
Project("{FAE04EC0-301F-11D3-BF4B-00C04F79EFBC}") = "CFXRDemo", "CFXRDemo.csproj", "{6a933eca-86fa-d3f8-cbeb-503de81c49ab}"
EndProject
Project("{FAE04EC0-301F-11D3-BF4B-00C04F79EFBC}") = "GoogleMobileAds.Editor", "GoogleMobileAds.Editor.csproj", "{bcb71381-6a9f-4a26-8ed5-8ff59710aa50}"
EndProject
Project("{FAE04EC0-301F-11D3-BF4B-00C04F79EFBC}") = "Assembly-CSharp-Editor", "Assembly-CSharp-Editor.csproj", "{6a4e9437-f631-1e14-7f31-be248e11e698}"
EndProject
Project("{FAE04EC0-301F-11D3-BF4B-00C04F79EFBC}") = "KinoBloom.Runtime", "KinoBloom.Runtime.csproj", "{4c16f383-d6a1-0e11-77de-0b5ee723d21c}"
EndProject
Project("{FAE04EC0-301F-11D3-BF4B-00C04F79EFBC}") = "ToonyColorsPro.Demo.Editor", "ToonyColorsPro.Demo.Editor.csproj", "{ced01629-fab5-4e60-7472-68b97e4a32c1}"
EndProject
Global
	GlobalSection(SolutionConfigurationPlatforms) = preSolution
		Debug|Any CPU = Debug|Any CPU
	EndGlobalSection
	GlobalSection(ProjectConfigurationPlatforms) = postSolution
		{bb530315-51ab-6b92-ce59-98c0d449b803}.Debug|Any CPU.ActiveCfg = Debug|Any CPU
		{bb530315-51ab-6b92-ce59-98c0d449b803}.Debug|Any CPU.Build.0 = Debug|Any CPU
		{1b2073fe-a72b-e835-ac59-4172d91532ff}.Debug|Any CPU.ActiveCfg = Debug|Any CPU
		{1b2073fe-a72b-e835-ac59-4172d91532ff}.Debug|Any CPU.Build.0 = Debug|Any CPU
		{ed94aac5-fa9d-2b5c-468f-aa005867ab5a}.Debug|Any CPU.ActiveCfg = Debug|Any CPU
		{ed94aac5-fa9d-2b5c-468f-aa005867ab5a}.Debug|Any CPU.Build.0 = Debug|Any CPU
		{0a660e87-e1da-3b30-54ce-88f1c9acfb1e}.Debug|Any CPU.ActiveCfg = Debug|Any CPU
		{0a660e87-e1da-3b30-54ce-88f1c9acfb1e}.Debug|Any CPU.Build.0 = Debug|Any CPU
		{e877b4f3-e2e1-a722-f692-e1830e19dd29}.Debug|Any CPU.ActiveCfg = Debug|Any CPU
		{e877b4f3-e2e1-a722-f692-e1830e19dd29}.Debug|Any CPU.Build.0 = Debug|Any CPU
		{f482651b-62b7-e001-25eb-50ceb7a49313}.Debug|Any CPU.ActiveCfg = Debug|Any CPU
		{f482651b-62b7-e001-25eb-50ceb7a49313}.Debug|Any CPU.Build.0 = Debug|Any CPU
		{9574d425-d848-107c-d8d1-0ed237e57056}.Debug|Any CPU.ActiveCfg = Debug|Any CPU
		{9574d425-d848-107c-d8d1-0ed237e57056}.Debug|Any CPU.Build.0 = Debug|Any CPU
		{c0616083-f2f4-8240-6154-59638b7c2903}.Debug|Any CPU.ActiveCfg = Debug|Any CPU
		{c0616083-f2f4-8240-6154-59638b7c2903}.Debug|Any CPU.Build.0 = Debug|Any CPU
		{6a933eca-86fa-d3f8-cbeb-503de81c49ab}.Debug|Any CPU.ActiveCfg = Debug|Any CPU
		{6a933eca-86fa-d3f8-cbeb-503de81c49ab}.Debug|Any CPU.Build.0 = Debug|Any CPU
		{bcb71381-6a9f-4a26-8ed5-8ff59710aa50}.Debug|Any CPU.ActiveCfg = Debug|Any CPU
		{bcb71381-6a9f-4a26-8ed5-8ff59710aa50}.Debug|Any CPU.Build.0 = Debug|Any CPU
		{6a4e9437-f631-1e14-7f31-be248e11e698}.Debug|Any CPU.ActiveCfg = Debug|Any CPU
		{6a4e9437-f631-1e14-7f31-be248e11e698}.Debug|Any CPU.Build.0 = Debug|Any CPU
		{4c16f383-d6a1-0e11-77de-0b5ee723d21c}.Debug|Any CPU.ActiveCfg = Debug|Any CPU
		{4c16f383-d6a1-0e11-77de-0b5ee723d21c}.Debug|Any CPU.Build.0 = Debug|Any CPU
		{ced01629-fab5-4e60-7472-68b97e4a32c1}.Debug|Any CPU.ActiveCfg = Debug|Any CPU
		{ced01629-fab5-4e60-7472-68b97e4a32c1}.Debug|Any CPU.Build.0 = Debug|Any CPU
	EndGlobalSection
	GlobalSection(SolutionProperties) = preSolution
		HideSolutionNode = FALSE
	EndGlobalSection
EndGlobal
